
Microsoft Visual Studio Solution File, Format Version 12.00
# Visual Studio 15
VisualStudioVersion = 15.0.27130.2036
MinimumVisualStudioVersion = 10.0.40219.1
Project("{2150E333-8FDC-42A3-9474-1A3956D46DE8}") = "src", "src", "{6937B61C-6EF5-4E36-9D27-A629563B8478}"
EndProject
Project("{2150E333-8FDC-42A3-9474-1A3956D46DE8}") = "Services", "Services", "{5E5D213E-876D-44F9-B728-43A984E02320}"
EndProject
Project("{9A19103F-16F7-4668-BE54-9A1E7A4F7556}") = "API", "src\API\API.csproj", "{77DFB731-8CF3-4C52-8236-3578178A02C3}"
EndProject
Project("{9A19103F-16F7-4668-BE54-9A1E7A4F7556}") = "Core", "src\Core\Core.csproj", "{9BEC55D2-23ED-4D40-B067-9A239F764E40}"
EndProject
Project("{9A19103F-16F7-4668-BE54-9A1E7A4F7556}") = "hkexnews", "src\hkexnews\hkexnews.csproj", "{D9C950EA-1708-45BD-8A39-1353BE1E6063}"
EndProject
Project("{9A19103F-16F7-4668-BE54-9A1E7A4F7556}") = "Infrastructure", "src\Infrastructure\Infrastructure.csproj", "{F2D5BD16-5CA1-426A-9991-D8DE8B6CBCEF}"
EndProject
Project("{9A19103F-16F7-4668-BE54-9A1E7A4F7556}") = "HKExNews.Background", "src\HKExNews.Background\HKExNews.Background.csproj", "{7F227503-2A66-412D-BFCA-9C864928AA90}"
EndProject
Project("{2150E333-8FDC-42A3-9474-1A3956D46DE8}") = "BuildingBlocks", "BuildingBlocks", "{F2DD6C1F-656F-4745-8EAC-717BBD0C6EFA}"
EndProject
Project("{2150E333-8FDC-42A3-9474-1A3956D46DE8}") = "EventBus", "EventBus", "{245A28FA-5877-4C8E-869E-B00F1CB3D91A}"
EndProject
Project("{9A19103F-16F7-4668-BE54-9A1E7A4F7556}") = "EventBus", "src\BuildingBlocks\EventBus\EventBus\EventBus.csproj", "{61850F62-B91F-43A9-B501-8AFC9D3D8C5D}"
EndProject
Project("{2150E333-8FDC-42A3-9474-1A3956D46DE8}") = "EventBusRabbitMQ", "EventBusRabbitMQ", "{803C3EC8-DBBB-4CCB-9656-AD8C2F2A29C8}"
EndProject
Project("{FAE04EC0-301F-11D3-BF4B-00C04F79EFBC}") = "EventBusRabbitMQ", "src\BuildingBlocks\EventBusRabbitMQ\EventBusRabbitMQ\EventBusRabbitMQ.csproj", "{FE047512-30EB-4133-9C19-16DFC7AB9CA5}"
EndProject
Global
	GlobalSection(SolutionConfigurationPlatforms) = preSolution
		Debug|Any CPU = Debug|Any CPU
		Release|Any CPU = Release|Any CPU
	EndGlobalSection
	GlobalSection(ProjectConfigurationPlatforms) = postSolution
		{77DFB731-8CF3-4C52-8236-3578178A02C3}.Debug|Any CPU.ActiveCfg = Debug|Any CPU
		{77DFB731-8CF3-4C52-8236-3578178A02C3}.Debug|Any CPU.Build.0 = Debug|Any CPU
		{77DFB731-8CF3-4C52-8236-3578178A02C3}.Release|Any CPU.ActiveCfg = Release|Any CPU
		{77DFB731-8CF3-4C52-8236-3578178A02C3}.Release|Any CPU.Build.0 = Release|Any CPU
		{9BEC55D2-23ED-4D40-B067-9A239F764E40}.Debug|Any CPU.ActiveCfg = Debug|Any CPU
		{9BEC55D2-23ED-4D40-B067-9A239F764E40}.Debug|Any CPU.Build.0 = Debug|Any CPU
		{9BEC55D2-23ED-4D40-B067-9A239F764E40}.Release|Any CPU.ActiveCfg = Release|Any CPU
		{9BEC55D2-23ED-4D40-B067-9A239F764E40}.Release|Any CPU.Build.0 = Release|Any CPU
		{D9C950EA-1708-45BD-8A39-1353BE1E6063}.Debug|Any CPU.ActiveCfg = Debug|Any CPU
		{D9C950EA-1708-45BD-8A39-1353BE1E6063}.Debug|Any CPU.Build.0 = Debug|Any CPU
		{D9C950EA-1708-45BD-8A39-1353BE1E6063}.Release|Any CPU.ActiveCfg = Release|Any CPU
		{D9C950EA-1708-45BD-8A39-1353BE1E6063}.Release|Any CPU.Build.0 = Release|Any CPU
		{F2D5BD16-5CA1-426A-9991-D8DE8B6CBCEF}.Debug|Any CPU.ActiveCfg = Debug|Any CPU
		{F2D5BD16-5CA1-426A-9991-D8DE8B6CBCEF}.Debug|Any CPU.Build.0 = Debug|Any CPU
		{F2D5BD16-5CA1-426A-9991-D8DE8B6CBCEF}.Release|Any CPU.ActiveCfg = Release|Any CPU
		{F2D5BD16-5CA1-426A-9991-D8DE8B6CBCEF}.Release|Any CPU.Build.0 = Release|Any CPU
		{7F227503-2A66-412D-BFCA-9C864928AA90}.Debug|Any CPU.ActiveCfg = Debug|Any CPU
		{7F227503-2A66-412D-BFCA-9C864928AA90}.Debug|Any CPU.Build.0 = Debug|Any CPU
		{7F227503-2A66-412D-BFCA-9C864928AA90}.Release|Any CPU.ActiveCfg = Release|Any CPU
		{7F227503-2A66-412D-BFCA-9C864928AA90}.Release|Any CPU.Build.0 = Release|Any CPU
		{61850F62-B91F-43A9-B501-8AFC9D3D8C5D}.Debug|Any CPU.ActiveCfg = Debug|Any CPU
		{61850F62-B91F-43A9-B501-8AFC9D3D8C5D}.Debug|Any CPU.Build.0 = Debug|Any CPU
		{61850F62-B91F-43A9-B501-8AFC9D3D8C5D}.Release|Any CPU.ActiveCfg = Release|Any CPU
		{61850F62-B91F-43A9-B501-8AFC9D3D8C5D}.Release|Any CPU.Build.0 = Release|Any CPU
		{FE047512-30EB-4133-9C19-16DFC7AB9CA5}.Debug|Any CPU.ActiveCfg = Debug|Any CPU
		{FE047512-30EB-4133-9C19-16DFC7AB9CA5}.Debug|Any CPU.Build.0 = Debug|Any CPU
		{FE047512-30EB-4133-9C19-16DFC7AB9CA5}.Release|Any CPU.ActiveCfg = Release|Any CPU
		{FE047512-30EB-4133-9C19-16DFC7AB9CA5}.Release|Any CPU.Build.0 = Release|Any CPU
	EndGlobalSection
	GlobalSection(SolutionProperties) = preSolution
		HideSolutionNode = FALSE
	EndGlobalSection
	GlobalSection(NestedProjects) = preSolution
		{5E5D213E-876D-44F9-B728-43A984E02320} = {6937B61C-6EF5-4E36-9D27-A629563B8478}
		{77DFB731-8CF3-4C52-8236-3578178A02C3} = {5E5D213E-876D-44F9-B728-43A984E02320}
		{9BEC55D2-23ED-4D40-B067-9A239F764E40} = {5E5D213E-876D-44F9-B728-43A984E02320}
		{D9C950EA-1708-45BD-8A39-1353BE1E6063} = {5E5D213E-876D-44F9-B728-43A984E02320}
		{F2D5BD16-5CA1-426A-9991-D8DE8B6CBCEF} = {5E5D213E-876D-44F9-B728-43A984E02320}
		{7F227503-2A66-412D-BFCA-9C864928AA90} = {5E5D213E-876D-44F9-B728-43A984E02320}
		{F2DD6C1F-656F-4745-8EAC-717BBD0C6EFA} = {6937B61C-6EF5-4E36-9D27-A629563B8478}
		{245A28FA-5877-4C8E-869E-B00F1CB3D91A} = {F2DD6C1F-656F-4745-8EAC-717BBD0C6EFA}
		{61850F62-B91F-43A9-B501-8AFC9D3D8C5D} = {245A28FA-5877-4C8E-869E-B00F1CB3D91A}
		{803C3EC8-DBBB-4CCB-9656-AD8C2F2A29C8} = {F2DD6C1F-656F-4745-8EAC-717BBD0C6EFA}
		{FE047512-30EB-4133-9C19-16DFC7AB9CA5} = {803C3EC8-DBBB-4CCB-9656-AD8C2F2A29C8}
	EndGlobalSection
	GlobalSection(ExtensibilityGlobals) = postSolution
		SolutionGuid = {0ED234DF-6992-446B-B506-314D0E0B675F}
	EndGlobalSection
EndGlobal
