
Microsoft Visual Studio Solution File, Format Version 12.00
# Visual Studio 15
VisualStudioVersion = 15.0.27130.2036
MinimumVisualStudioVersion = 10.0.40219.1
Project("{9A19103F-16F7-4668-BE54-9A1E7A4F7556}") = "hkexnews", "hkexnews\hkexnews.csproj", "{2D10A0AA-B641-40CE-957A-E924690B97A2}"
EndProject
Project("{9A19103F-16F7-4668-BE54-9A1E7A4F7556}") = "Core", "Core\Core.csproj", "{B59ADF27-526C-4462-A10D-C94F53295345}"
EndProject
Project("{9A19103F-16F7-4668-BE54-9A1E7A4F7556}") = "API", "API\API.csproj", "{F869015B-D665-46D9-92C3-3839EEFFDB3E}"
EndProject
Project("{E53339B2-1760-4266-BCC7-CA923CBCF16C}") = "docker-compose", "docker-compose.dcproj", "{635FFAFE-3C13-4AC9-97DD-78C4B1E23A97}"
EndProject
Project("{2150E333-8FDC-42A3-9474-1A3956D46DE8}") = "Identity", "Identity", "{3BA251F4-FE69-429E-BB02-28C6B9654299}"
EndProject
Project("{9A19103F-16F7-4668-BE54-9A1E7A4F7556}") = "Identity.API", "..\Identity.API\Identity.API.csproj", "{B6733C96-CE59-4438-BFAC-1CBE32B70857}"
EndProject
Project("{9A19103F-16F7-4668-BE54-9A1E7A4F7556}") = "HKExNews.Background", "..\HKExNews.Background\HKExNews.Background.csproj", "{347303CF-F5DA-4E44-9D1F-087A7B312C35}"
EndProject
Project("{2150E333-8FDC-42A3-9474-1A3956D46DE8}") = "BuildingBlocks", "BuildingBlocks", "{B57FE88E-31B4-4791-AA79-DCCF7BC90C83}"
EndProject
Project("{2150E333-8FDC-42A3-9474-1A3956D46DE8}") = "EventBus", "EventBus", "{6091A0E9-E1DC-4057-A1E4-DDA645A2D43B}"
EndProject
Project("{2150E333-8FDC-42A3-9474-1A3956D46DE8}") = "src", "src", "{6937B61C-6EF5-4E36-9D27-A629563B8478}"
EndProject
Global
	GlobalSection(SolutionConfigurationPlatforms) = preSolution
		Debug|Any CPU = Debug|Any CPU
		Release|Any CPU = Release|Any CPU
	EndGlobalSection
	GlobalSection(ProjectConfigurationPlatforms) = postSolution
		{2D10A0AA-B641-40CE-957A-E924690B97A2}.Debug|Any CPU.ActiveCfg = Debug|Any CPU
		{2D10A0AA-B641-40CE-957A-E924690B97A2}.Debug|Any CPU.Build.0 = Debug|Any CPU
		{2D10A0AA-B641-40CE-957A-E924690B97A2}.Release|Any CPU.ActiveCfg = Release|Any CPU
		{2D10A0AA-B641-40CE-957A-E924690B97A2}.Release|Any CPU.Build.0 = Release|Any CPU
		{B59ADF27-526C-4462-A10D-C94F53295345}.Debug|Any CPU.ActiveCfg = Debug|Any CPU
		{B59ADF27-526C-4462-A10D-C94F53295345}.Debug|Any CPU.Build.0 = Debug|Any CPU
		{B59ADF27-526C-4462-A10D-C94F53295345}.Release|Any CPU.ActiveCfg = Release|Any CPU
		{B59ADF27-526C-4462-A10D-C94F53295345}.Release|Any CPU.Build.0 = Release|Any CPU
		{F869015B-D665-46D9-92C3-3839EEFFDB3E}.Debug|Any CPU.ActiveCfg = Debug|Any CPU
		{F869015B-D665-46D9-92C3-3839EEFFDB3E}.Debug|Any CPU.Build.0 = Debug|Any CPU
		{F869015B-D665-46D9-92C3-3839EEFFDB3E}.Release|Any CPU.ActiveCfg = Release|Any CPU
		{F869015B-D665-46D9-92C3-3839EEFFDB3E}.Release|Any CPU.Build.0 = Release|Any CPU
		{635FFAFE-3C13-4AC9-97DD-78C4B1E23A97}.Debug|Any CPU.ActiveCfg = Debug|Any CPU
		{635FFAFE-3C13-4AC9-97DD-78C4B1E23A97}.Debug|Any CPU.Build.0 = Debug|Any CPU
		{635FFAFE-3C13-4AC9-97DD-78C4B1E23A97}.Release|Any CPU.ActiveCfg = Release|Any CPU
		{635FFAFE-3C13-4AC9-97DD-78C4B1E23A97}.Release|Any CPU.Build.0 = Release|Any CPU
		{B6733C96-CE59-4438-BFAC-1CBE32B70857}.Debug|Any CPU.ActiveCfg = Debug|Any CPU
		{B6733C96-CE59-4438-BFAC-1CBE32B70857}.Debug|Any CPU.Build.0 = Debug|Any CPU
		{B6733C96-CE59-4438-BFAC-1CBE32B70857}.Release|Any CPU.ActiveCfg = Release|Any CPU
		{B6733C96-CE59-4438-BFAC-1CBE32B70857}.Release|Any CPU.Build.0 = Release|Any CPU
		{347303CF-F5DA-4E44-9D1F-087A7B312C35}.Debug|Any CPU.ActiveCfg = Debug|Any CPU
		{347303CF-F5DA-4E44-9D1F-087A7B312C35}.Debug|Any CPU.Build.0 = Debug|Any CPU
		{347303CF-F5DA-4E44-9D1F-087A7B312C35}.Release|Any CPU.ActiveCfg = Release|Any CPU
		{347303CF-F5DA-4E44-9D1F-087A7B312C35}.Release|Any CPU.Build.0 = Release|Any CPU
	EndGlobalSection
	GlobalSection(SolutionProperties) = preSolution
		HideSolutionNode = FALSE
	EndGlobalSection
	GlobalSection(NestedProjects) = preSolution
		{2D10A0AA-B641-40CE-957A-E924690B97A2} = {6937B61C-6EF5-4E36-9D27-A629563B8478}
		{B59ADF27-526C-4462-A10D-C94F53295345} = {6937B61C-6EF5-4E36-9D27-A629563B8478}
		{F869015B-D665-46D9-92C3-3839EEFFDB3E} = {6937B61C-6EF5-4E36-9D27-A629563B8478}
		{635FFAFE-3C13-4AC9-97DD-78C4B1E23A97} = {6937B61C-6EF5-4E36-9D27-A629563B8478}
		{3BA251F4-FE69-429E-BB02-28C6B9654299} = {6937B61C-6EF5-4E36-9D27-A629563B8478}
		{B6733C96-CE59-4438-BFAC-1CBE32B70857} = {3BA251F4-FE69-429E-BB02-28C6B9654299}
		{347303CF-F5DA-4E44-9D1F-087A7B312C35} = {6937B61C-6EF5-4E36-9D27-A629563B8478}
		{B57FE88E-31B4-4791-AA79-DCCF7BC90C83} = {6937B61C-6EF5-4E36-9D27-A629563B8478}
		{6091A0E9-E1DC-4057-A1E4-DDA645A2D43B} = {B57FE88E-31B4-4791-AA79-DCCF7BC90C83}
	EndGlobalSection
	GlobalSection(ExtensibilityGlobals) = postSolution
		SolutionGuid = {0ED234DF-6992-446B-B506-314D0E0B675F}
	EndGlobalSection
EndGlobal
